<?xml version="1.0" encoding="utf-8"?>
<Project ToolsVersion="4.0" xmlns="http://schemas.microsoft.com/developer/msbuild/2003">
  <ItemGroup>
    <Filter Include="Archivos de origen">
      <UniqueIdentifier>{4FC737F1-C7A5-4376-A066-2A32D752A2FF}</UniqueIdentifier>
      <Extensions>cpp;c;cc;cxx;c++;cppm;ixx;def;odl;idl;hpj;bat;asm;asmx</Extensions>
    </Filter>
    <Filter Include="Archivos de encabezado">
      <UniqueIdentifier>{93995380-89BD-4b04-88EB-625FBE52EBFB}</UniqueIdentifier>
      <Extensions>h;hh;hpp;hxx;h++;hm;inl;inc;ipp;xsd</Extensions>
    </Filter>
    <Filter Include="Archivos de recursos">
      <UniqueIdentifier>{67DA6AB6-F800-4c08-8B7A-83BB121AAD01}</UniqueIdentifier>
      <Extensions>rc;ico;cur;bmp;dlg;rc2;rct;bin;rgs;gif;jpg;jpeg;jpe;resx;tiff;tif;png;wav;mfcribbon-ms</Extensions>
    </Filter>
    <Filter Include="Archivos de encabezado\core">
      <UniqueIdentifier>{79c51ac6-f35c-4a4c-b579-11a79452b159}</UniqueIdentifier>
    </Filter>
    <Filter Include="Archivos de recursos\core">
      <UniqueIdentifier>{12929afa-b7b2-496a-b0eb-2981ecb5dec7}</UniqueIdentifier>
    </Filter>
    <Filter Include="Archivos de encabezado\ECS">
      <UniqueIdentifier>{da827a63-6ebe-4b58-9e8f-843b71313108}</UniqueIdentifier>
    </Filter>
    <Filter Include="Archivos de encabezado\ECS\Components">
      <UniqueIdentifier>{fe31f4a2-3547-45f5-853d-b9fe37e2459a}</UniqueIdentifier>
    </Filter>
    <Filter Include="Archivos de encabezado\ECS\Systems">
      <UniqueIdentifier>{e617bfb7-6055-41d6-bffc-a879abeb216b}</UniqueIdentifier>
    </Filter>
  </ItemGroup>
  <ItemGroup>
    <ClInclude Include="include\Prerequisitos.h">
      <Filter>Archivos de encabezado</Filter>
    </ClInclude>
    <ClInclude Include="include\core\Window.h">
      <Filter>Archivos de encabezado\core</Filter>
    </ClInclude>
    <ClInclude Include="include\core\CShape.h">
      <Filter>Archivos de encabezado\core</Filter>
    </ClInclude>
    <ClInclude Include="include\ECS\Types.h">
      <Filter>Archivos de encabezado\ECS</Filter>
    </ClInclude>
    <ClInclude Include="include\ECS\SparceSet.h">
      <Filter>Archivos de encabezado\ECS</Filter>
    </ClInclude>
    <ClInclude Include="include\ECS\ComponentPool.h">
      <Filter>Archivos de encabezado\ECS</Filter>
    </ClInclude>
    <ClInclude Include="include\ECS\View.h">
      <Filter>Archivos de encabezado\ECS</Filter>
    </ClInclude>
    <ClInclude Include="include\ECS\Registry.h">
      <Filter>Archivos de encabezado\ECS</Filter>
    </ClInclude>
    <ClInclude Include="include\ECS\System.h">
      <Filter>Archivos de encabezado\ECS</Filter>
    </ClInclude>
    <ClInclude Include="include\ECS\Component\Transform.h">
      <Filter>Archivos de encabezado\ECS\Components</Filter>
    </ClInclude>
    <ClInclude Include="include\ECS\Component\Render.h">
      <Filter>Archivos de encabezado\ECS\Components</Filter>
    </ClInclude>
    <ClInclude Include="include\ECS\Systems\Rendersystem.h">
      <Filter>Archivos de encabezado\ECS\Systems</Filter>
    </ClInclude>
  </ItemGroup>
  <ItemGroup>
    <ClCompile Include="source\main.cpp">
      <Filter>Archivos de recursos</Filter>
    </ClCompile>
    <ClCompile Include="source\core\Window.cpp">
      <Filter>Archivos de recursos\core</Filter>
    </ClCompile>
    <ClCompile Include="source\core\CShape.cpp">
      <Filter>Archivos de recursos\core</Filter>
    </ClCompile>
  </ItemGroup>
</Project>